
Microsoft Visual Studio Solution File, Format Version 12.00
# Visual Studio Version 16
VisualStudioVersion = 16.0.31112.23
MinimumVisualStudioVersion = 10.0.40219.1
Project("{FAE04EC0-301F-11D3-BF4B-00C04F79EFBC}") = "RestaurantMenuCart", "RestaurantMenuCart\RestaurantMenuCart.csproj", "{48CDADD7-D083-427B-9E1B-813084E26EB3}"
EndProject
Global
	GlobalSection(SolutionConfigurationPlatforms) = preSolution
		Debug|Any CPU = Debug|Any CPU
		Release|Any CPU = Release|Any CPU
	EndGlobalSection
	GlobalSection(ProjectConfigurationPlatforms) = postSolution
		{48CDADD7-D083-427B-9E1B-813084E26EB3}.Debug|Any CPU.ActiveCfg = Debug|Any CPU
		{48CDADD7-D083-427B-9E1B-813084E26EB3}.Debug|Any CPU.Build.0 = Debug|Any CPU
		{48CDADD7-D083-427B-9E1B-813084E26EB3}.Release|Any CPU.ActiveCfg = Release|Any CPU
		{48CDADD7-D083-427B-9E1B-813084E26EB3}.Release|Any CPU.Build.0 = Release|Any CPU
	EndGlobalSection
	GlobalSection(SolutionProperties) = preSolution
		HideSolutionNode = FALSE
	EndGlobalSection
	GlobalSection(ExtensibilityGlobals) = postSolution
		SolutionGuid = {108532FC-1A44-46BA-8EC6-EE5512BED1CA}
	EndGlobalSection
EndGlobal
